// !$*UTF8*$!
{
	archiveVersion = 1;
	classes = {
	};
	objectVersion = 77;
	objects = {

/* Begin PBXBuildFile section */
		009A8D29D3300149AF3AE3D8 /* PlayerView.swift in Sources */ = {isa = PBXBuildFile; fileRef = 938C415755895C049FA2E79F /* PlayerView.swift */; };
		0BB7FF2E5D4FB17D66200C89 /* ChannelDetailView.swift in Sources */ = {isa = PBXBuildFile; fileRef = C1E5681F46B78AEB2C356FAC /* ChannelDetailView.swift */; };
		0FBFBBE4462308DBBE42BDEB /* TimeBadge.swift in Sources */ = {isa = PBXBuildFile; fileRef = B3AEC626AEF1ABEA4CD02E20 /* TimeBadge.swift */; };
		142FA888676C9B7E1CB22536 /* ChannelPendingView.swift in Sources */ = {isa = PBXBuildFile; fileRef = 74627DBE52ECBC70E6F772EB /* ChannelPendingView.swift */; };
		15B22913202F07EE360413E3 /* VideoCard.swift in Sources */ = {isa = PBXBuildFile; fileRef = B07F3A96BBD823D62CCBC29F /* VideoCard.swift */; };
		18F8961B9F85C5E053F00440 /* SidebarView.swift in Sources */ = {isa = PBXBuildFile; fileRef = A29F76F75104447AC068CC71 /* SidebarView.swift */; };
		1D581FA6A171DDCB06EA4150 /* ChannelCard.swift in Sources */ = {isa = PBXBuildFile; fileRef = 36915EFA6900A27429E58E08 /* ChannelCard.swift */; };
		265672D2DCA76BC2A62E748C /* ChannelsListView.swift in Sources */ = {isa = PBXBuildFile; fileRef = 12AE1F33898D4887A839A194 /* ChannelsListView.swift */; };
		27D08F9D68D4A956E86E5333 /* KeychainService.swift in Sources */ = {isa = PBXBuildFile; fileRef = B1292FDFFC0E989D2230F4BB /* KeychainService.swift */; };
		44C8517A72A3920CD9659F1B /* Video.swift in Sources */ = {isa = PBXBuildFile; fileRef = A6980148DEA0FB0DDEF91F68 /* Video.swift */; };
		46FD2CC7964399CC1E8EAD2E /* SearchResult.swift in Sources */ = {isa = PBXBuildFile; fileRef = FCE7EDC4D8FC5F0A183F282C /* SearchResult.swift */; };
		47ED0B981661351785623F11 /* TimeStatus.swift in Sources */ = {isa = PBXBuildFile; fileRef = 7CCC9AA078FCA1842183EB37 /* TimeStatus.swift */; };
		483CFA04ECDAFC0CE7A7E946 /* CredentialStore.swift in Sources */ = {isa = PBXBuildFile; fileRef = D46535337D9FAE6636F20D74 /* CredentialStore.swift */; };
		4D969B459A104A820D7025F6 /* VideoInfoSheet.swift in Sources */ = {isa = PBXBuildFile; fileRef = 46AE574BBEED0F0F75BE16AB /* VideoInfoSheet.swift */; };
		4FF9FD6E75337718D5934CEA /* MockURLProtocol.swift in Sources */ = {isa = PBXBuildFile; fileRef = 9AAC84BAEB70DF1B91674956 /* MockURLProtocol.swift */; };
		563CF91396F6F6024B6C8528 /* DeniedView.swift in Sources */ = {isa = PBXBuildFile; fileRef = 49608DEA95FF6F9B4CDF350F /* DeniedView.swift */; };
		56A45348E25627616ADC3B0E /* TimesUpView.swift in Sources */ = {isa = PBXBuildFile; fileRef = 667203D0B3FE03608D39B936 /* TimesUpView.swift */; };
		65283B583777F1DD004D77BC /* PlayerOverlayView.swift in Sources */ = {isa = PBXBuildFile; fileRef = 48F3BE9052C4FDA632DD4069 /* PlayerOverlayView.swift */; };
		6587203F59A4963AC8A02B83 /* SessionManager.swift in Sources */ = {isa = PBXBuildFile; fileRef = F61C53A7892B15EC8C6EDCBF /* SessionManager.swift */; };
		65B6DE8014DAD54F77E03D77 /* ProfileView.swift in Sources */ = {isa = PBXBuildFile; fileRef = 91E50BAFF4AE264514B58A7A /* ProfileView.swift */; };
		6A1753DA0B3A9BD2DBB5399E /* HeartbeatService.swift in Sources */ = {isa = PBXBuildFile; fileRef = 4E0C0283C43C28D71445B1A6 /* HeartbeatService.swift */; };
		80458FD34D3DB055E6D926D7 /* PairingView.swift in Sources */ = {isa = PBXBuildFile; fileRef = C5695212EC6E0D40C9B9FC19 /* PairingView.swift */; };
		8503682CCA8A48E192875195 /* APIResponses.swift in Sources */ = {isa = PBXBuildFile; fileRef = D069EDA4928ADB426A9F076B /* APIResponses.swift */; };
		94EA5FAAD36DC39387B3D7ED /* ChildProfile.swift in Sources */ = {isa = PBXBuildFile; fileRef = FD7275D4A1ABCA1AAC35B4DE /* ChildProfile.swift */; };
		94FEA85038A66E368E8C19AD /* PinModels.swift in Sources */ = {isa = PBXBuildFile; fileRef = 20D71B9F4643361AB236E95A /* PinModels.swift */; };
		9AD252902E5191E32BCF38B6 /* HomeView.swift in Sources */ = {isa = PBXBuildFile; fileRef = CB544BFD4F2352C926B595AE /* HomeView.swift */; };
		A17001AC40585E0EE2C2F5A7 /* APIClientTests.swift in Sources */ = {isa = PBXBuildFile; fileRef = B3471996C07E3CAAD366459B /* APIClientTests.swift */; };
		A2C9C262F6CB2E75C5A91170 /* SearchResultsView.swift in Sources */ = {isa = PBXBuildFile; fileRef = 47DB79B1757870A990CD2FB5 /* SearchResultsView.swift */; };
		AA5628D5894E3FDEE6E96499 /* CategoryContentView.swift in Sources */ = {isa = PBXBuildFile; fileRef = 9C1F7337984A673CA76AD40C /* CategoryContentView.swift */; };
		AE7935A15A9DFBF067DF19D7 /* AppTheme.swift in Sources */ = {isa = PBXBuildFile; fileRef = F08A735AD3FEA8E42FB39FEB /* AppTheme.swift */; };
		B5E9DFD44417BACB803A19AF /* PendingView.swift in Sources */ = {isa = PBXBuildFile; fileRef = F8FF22F8D0FB28ABC4FCAFE8 /* PendingView.swift */; };
		B735BF7D5A9A9CEDCB1CE1F9 /* Assets.xcassets in Resources */ = {isa = PBXBuildFile; fileRef = 022003F81C1CA2057FEE6BBD /* Assets.xcassets */; };
		BDAEC63866CB25285BE0E2A2 /* PairingModels.swift in Sources */ = {isa = PBXBuildFile; fileRef = 62BA5F235C7113FD7ED24E37 /* PairingModels.swift */; };
		C26195862858D49CA2433785 /* PairingTests.swift in Sources */ = {isa = PBXBuildFile; fileRef = F67D53F92D9EEA7E80399AAF /* PairingTests.swift */; };
		C48435FD239A164BBACEAAF7 /* HomeChannelsTests.swift in Sources */ = {isa = PBXBuildFile; fileRef = 4D4C048F6A7EF0A055E18E15 /* HomeChannelsTests.swift */; };
		C8F5554277897C6452767ADC /* APIClient.swift in Sources */ = {isa = PBXBuildFile; fileRef = 92D027527EC22BD349825819 /* APIClient.swift */; };
		D0C286722817362B2A8478BB /* KidsTubeApp.swift in Sources */ = {isa = PBXBuildFile; fileRef = 7CE7EEA9FEAB2C699AA4C6A9 /* KidsTubeApp.swift */; };
		D5F7C810BFE2F7CF53CE4267 /* TimeRequestService.swift in Sources */ = {isa = PBXBuildFile; fileRef = ECFDE5EAFD513C8AFDDD9C48 /* TimeRequestService.swift */; };
		D9AF7B2D46460A08C96E2CF4 /* CooldownView.swift in Sources */ = {isa = PBXBuildFile; fileRef = E9FBCA189BC74331301CD409 /* CooldownView.swift */; };
		DB8A43FCCE3FE4D7F3092EF6 /* WindDownOverlayView.swift in Sources */ = {isa = PBXBuildFile; fileRef = 0F464945B8E38209FF085864 /* WindDownOverlayView.swift */; };
		DFADA08CCB28D7E27AE12F95 /* UIOverhaulTests.swift in Sources */ = {isa = PBXBuildFile; fileRef = 24CA42E62DE19210493884B6 /* UIOverhaulTests.swift */; };
		E2889E3DB7C47EF19D5610CA /* SessionStatus.swift in Sources */ = {isa = PBXBuildFile; fileRef = 1D930E6F20420A94B682E092 /* SessionStatus.swift */; };
		E99DFD09AEF9123A192D2F66 /* HomeChannel.swift in Sources */ = {isa = PBXBuildFile; fileRef = 7E7C74844536CFEC626530FF /* HomeChannel.swift */; };
		E9B2B05685310772D8C14825 /* ContentView.swift in Sources */ = {isa = PBXBuildFile; fileRef = 70F2637203B562EC8EE3F147 /* ContentView.swift */; };
		EA819B9DE9670B9B6F08DEA9 /* FeaturedBannerView.swift in Sources */ = {isa = PBXBuildFile; fileRef = A2DF60A7479B4928E52F33E0 /* FeaturedBannerView.swift */; };
		EB041E60133BA4686A67A192 /* HomeChannelRowView.swift in Sources */ = {isa = PBXBuildFile; fileRef = EE251AF5B2C13BFBE66694C2 /* HomeChannelRowView.swift */; };
		EC032307074C64B960EE244B /* Config.swift in Sources */ = {isa = PBXBuildFile; fileRef = 173969E802F4428A9502BE17 /* Config.swift */; };
		EC8ED64FE3BA03A4E66B27FF /* CategoryTimeStatus.swift in Sources */ = {isa = PBXBuildFile; fileRef = 336AA9A526F33CD1CB731E55 /* CategoryTimeStatus.swift */; };
		EF9D27D511C696A81F5CFEBD /* ModelTests.swift in Sources */ = {isa = PBXBuildFile; fileRef = AED0E72654C49D2964B5EEBA /* ModelTests.swift */; };
		F339C9B2A07332481146B905 /* PinEntryView.swift in Sources */ = {isa = PBXBuildFile; fileRef = 135DBAE77231F859082F5934 /* PinEntryView.swift */; };
		FBBB03D0CBA04652D9924C7A /* SidebarSearchView.swift in Sources */ = {isa = PBXBuildFile; fileRef = 061CE96EAF4E04F9D28B95D4 /* SidebarSearchView.swift */; };
		FC305D76AA0916D8E4370788 /* ConfigTests.swift in Sources */ = {isa = PBXBuildFile; fileRef = 23EB740E49D4C98D7F1F6154 /* ConfigTests.swift */; };
		FD9BC9A4F342C5D856BD89C0 /* ProfilePickerView.swift in Sources */ = {isa = PBXBuildFile; fileRef = 0A69925AF8BB02374AE088A7 /* ProfilePickerView.swift */; };
/* End PBXBuildFile section */

/* Begin PBXContainerItemProxy section */
		D04115692EBD929036998756 /* PBXContainerItemProxy */ = {
			isa = PBXContainerItemProxy;
			containerPortal = FFF337E2B0CD58FFA6D67B4E /* Project object */;
			proxyType = 1;
			remoteGlobalIDString = 003EC4312049B87DF6FDC65B;
			remoteInfo = KidsTube;
		};
/* End PBXContainerItemProxy section */

/* Begin PBXFileReference section */
		022003F81C1CA2057FEE6BBD /* Assets.xcassets */ = {isa = PBXFileReference; lastKnownFileType = folder.assetcatalog; path = Assets.xcassets; sourceTree = "<group>"; };
		061CE96EAF4E04F9D28B95D4 /* SidebarSearchView.swift */ = {isa = PBXFileReference; lastKnownFileType = sourcecode.swift; path = SidebarSearchView.swift; sourceTree = "<group>"; };
		0A69925AF8BB02374AE088A7 /* ProfilePickerView.swift */ = {isa = PBXFileReference; lastKnownFileType = sourcecode.swift; path = ProfilePickerView.swift; sourceTree = "<group>"; };
		0F464945B8E38209FF085864 /* WindDownOverlayView.swift */ = {isa = PBXFileReference; lastKnownFileType = sourcecode.swift; path = WindDownOverlayView.swift; sourceTree = "<group>"; };
		12AE1F33898D4887A839A194 /* ChannelsListView.swift */ = {isa = PBXFileReference; lastKnownFileType = sourcecode.swift; path = ChannelsListView.swift; sourceTree = "<group>"; };
		135DBAE77231F859082F5934 /* PinEntryView.swift */ = {isa = PBXFileReference; lastKnownFileType = sourcecode.swift; path = PinEntryView.swift; sourceTree = "<group>"; };
		173969E802F4428A9502BE17 /* Config.swift */ = {isa = PBXFileReference; lastKnownFileType = sourcecode.swift; path = Config.swift; sourceTree = "<group>"; };
		1981EE99523A9279B0F42B4D /* Secrets.xcconfig */ = {isa = PBXFileReference; lastKnownFileType = text.xcconfig; path = Secrets.xcconfig; sourceTree = "<group>"; };
		1D930E6F20420A94B682E092 /* SessionStatus.swift */ = {isa = PBXFileReference; lastKnownFileType = sourcecode.swift; path = SessionStatus.swift; sourceTree = "<group>"; };
		20D71B9F4643361AB236E95A /* PinModels.swift */ = {isa = PBXFileReference; lastKnownFileType = sourcecode.swift; path = PinModels.swift; sourceTree = "<group>"; };
		23EB740E49D4C98D7F1F6154 /* ConfigTests.swift */ = {isa = PBXFileReference; lastKnownFileType = sourcecode.swift; path = ConfigTests.swift; sourceTree = "<group>"; };
		24CA42E62DE19210493884B6 /* UIOverhaulTests.swift */ = {isa = PBXFileReference; lastKnownFileType = sourcecode.swift; path = UIOverhaulTests.swift; sourceTree = "<group>"; };
		336AA9A526F33CD1CB731E55 /* CategoryTimeStatus.swift */ = {isa = PBXFileReference; lastKnownFileType = sourcecode.swift; path = CategoryTimeStatus.swift; sourceTree = "<group>"; };
		36915EFA6900A27429E58E08 /* ChannelCard.swift */ = {isa = PBXFileReference; lastKnownFileType = sourcecode.swift; path = ChannelCard.swift; sourceTree = "<group>"; };
		46AE574BBEED0F0F75BE16AB /* VideoInfoSheet.swift */ = {isa = PBXFileReference; lastKnownFileType = sourcecode.swift; path = VideoInfoSheet.swift; sourceTree = "<group>"; };
		47DB79B1757870A990CD2FB5 /* SearchResultsView.swift */ = {isa = PBXFileReference; lastKnownFileType = sourcecode.swift; path = SearchResultsView.swift; sourceTree = "<group>"; };
		48F3BE9052C4FDA632DD4069 /* PlayerOverlayView.swift */ = {isa = PBXFileReference; lastKnownFileType = sourcecode.swift; path = PlayerOverlayView.swift; sourceTree = "<group>"; };
		49608DEA95FF6F9B4CDF350F /* DeniedView.swift */ = {isa = PBXFileReference; lastKnownFileType = sourcecode.swift; path = DeniedView.swift; sourceTree = "<group>"; };
		4D4C048F6A7EF0A055E18E15 /* HomeChannelsTests.swift */ = {isa = PBXFileReference; lastKnownFileType = sourcecode.swift; path = HomeChannelsTests.swift; sourceTree = "<group>"; };
		4E0C0283C43C28D71445B1A6 /* HeartbeatService.swift */ = {isa = PBXFileReference; lastKnownFileType = sourcecode.swift; path = HeartbeatService.swift; sourceTree = "<group>"; };
		55250D820FC36E2220E952CD /* KidsTubeTests.xctest */ = {isa = PBXFileReference; includeInIndex = 0; lastKnownFileType = wrapper.cfbundle; path = KidsTubeTests.xctest; sourceTree = BUILT_PRODUCTS_DIR; };
		62BA5F235C7113FD7ED24E37 /* PairingModels.swift */ = {isa = PBXFileReference; lastKnownFileType = sourcecode.swift; path = PairingModels.swift; sourceTree = "<group>"; };
		667203D0B3FE03608D39B936 /* TimesUpView.swift */ = {isa = PBXFileReference; lastKnownFileType = sourcecode.swift; path = TimesUpView.swift; sourceTree = "<group>"; };
		70F2637203B562EC8EE3F147 /* ContentView.swift */ = {isa = PBXFileReference; lastKnownFileType = sourcecode.swift; path = ContentView.swift; sourceTree = "<group>"; };
		74627DBE52ECBC70E6F772EB /* ChannelPendingView.swift */ = {isa = PBXFileReference; lastKnownFileType = sourcecode.swift; path = ChannelPendingView.swift; sourceTree = "<group>"; };
		7CCC9AA078FCA1842183EB37 /* TimeStatus.swift */ = {isa = PBXFileReference; lastKnownFileType = sourcecode.swift; path = TimeStatus.swift; sourceTree = "<group>"; };
		7CE7EEA9FEAB2C699AA4C6A9 /* KidsTubeApp.swift */ = {isa = PBXFileReference; lastKnownFileType = sourcecode.swift; path = KidsTubeApp.swift; sourceTree = "<group>"; };
		7E7C74844536CFEC626530FF /* HomeChannel.swift */ = {isa = PBXFileReference; lastKnownFileType = sourcecode.swift; path = HomeChannel.swift; sourceTree = "<group>"; };
		91E50BAFF4AE264514B58A7A /* ProfileView.swift */ = {isa = PBXFileReference; lastKnownFileType = sourcecode.swift; path = ProfileView.swift; sourceTree = "<group>"; };
		92D027527EC22BD349825819 /* APIClient.swift */ = {isa = PBXFileReference; lastKnownFileType = sourcecode.swift; path = APIClient.swift; sourceTree = "<group>"; };
		938C415755895C049FA2E79F /* PlayerView.swift */ = {isa = PBXFileReference; lastKnownFileType = sourcecode.swift; path = PlayerView.swift; sourceTree = "<group>"; };
		9AAC84BAEB70DF1B91674956 /* MockURLProtocol.swift */ = {isa = PBXFileReference; lastKnownFileType = sourcecode.swift; path = MockURLProtocol.swift; sourceTree = "<group>"; };
		9C1F7337984A673CA76AD40C /* CategoryContentView.swift */ = {isa = PBXFileReference; lastKnownFileType = sourcecode.swift; path = CategoryContentView.swift; sourceTree = "<group>"; };
		A29F76F75104447AC068CC71 /* SidebarView.swift */ = {isa = PBXFileReference; lastKnownFileType = sourcecode.swift; path = SidebarView.swift; sourceTree = "<group>"; };
		A2DF60A7479B4928E52F33E0 /* FeaturedBannerView.swift */ = {isa = PBXFileReference; lastKnownFileType = sourcecode.swift; path = FeaturedBannerView.swift; sourceTree = "<group>"; };
		A6980148DEA0FB0DDEF91F68 /* Video.swift */ = {isa = PBXFileReference; lastKnownFileType = sourcecode.swift; path = Video.swift; sourceTree = "<group>"; };
		AED0E72654C49D2964B5EEBA /* ModelTests.swift */ = {isa = PBXFileReference; lastKnownFileType = sourcecode.swift; path = ModelTests.swift; sourceTree = "<group>"; };
		B07F3A96BBD823D62CCBC29F /* VideoCard.swift */ = {isa = PBXFileReference; lastKnownFileType = sourcecode.swift; path = VideoCard.swift; sourceTree = "<group>"; };
		B1292FDFFC0E989D2230F4BB /* KeychainService.swift */ = {isa = PBXFileReference; lastKnownFileType = sourcecode.swift; path = KeychainService.swift; sourceTree = "<group>"; };
		B3471996C07E3CAAD366459B /* APIClientTests.swift */ = {isa = PBXFileReference; lastKnownFileType = sourcecode.swift; path = APIClientTests.swift; sourceTree = "<group>"; };
		B3AEC626AEF1ABEA4CD02E20 /* TimeBadge.swift */ = {isa = PBXFileReference; lastKnownFileType = sourcecode.swift; path = TimeBadge.swift; sourceTree = "<group>"; };
		C1E5681F46B78AEB2C356FAC /* ChannelDetailView.swift */ = {isa = PBXFileReference; lastKnownFileType = sourcecode.swift; path = ChannelDetailView.swift; sourceTree = "<group>"; };
		C5695212EC6E0D40C9B9FC19 /* PairingView.swift */ = {isa = PBXFileReference; lastKnownFileType = sourcecode.swift; path = PairingView.swift; sourceTree = "<group>"; };
		CB544BFD4F2352C926B595AE /* HomeView.swift */ = {isa = PBXFileReference; lastKnownFileType = sourcecode.swift; path = HomeView.swift; sourceTree = "<group>"; };
		D069EDA4928ADB426A9F076B /* APIResponses.swift */ = {isa = PBXFileReference; lastKnownFileType = sourcecode.swift; path = APIResponses.swift; sourceTree = "<group>"; };
		D46535337D9FAE6636F20D74 /* CredentialStore.swift */ = {isa = PBXFileReference; lastKnownFileType = sourcecode.swift; path = CredentialStore.swift; sourceTree = "<group>"; };
		E9FBCA189BC74331301CD409 /* CooldownView.swift */ = {isa = PBXFileReference; lastKnownFileType = sourcecode.swift; path = CooldownView.swift; sourceTree = "<group>"; };
		EA48A97128F594BFBE610670 /* KidsTube.app */ = {isa = PBXFileReference; includeInIndex = 0; lastKnownFileType = wrapper.application; path = KidsTube.app; sourceTree = BUILT_PRODUCTS_DIR; };
		ECFDE5EAFD513C8AFDDD9C48 /* TimeRequestService.swift */ = {isa = PBXFileReference; lastKnownFileType = sourcecode.swift; path = TimeRequestService.swift; sourceTree = "<group>"; };
		EE251AF5B2C13BFBE66694C2 /* HomeChannelRowView.swift */ = {isa = PBXFileReference; lastKnownFileType = sourcecode.swift; path = HomeChannelRowView.swift; sourceTree = "<group>"; };
		F08A735AD3FEA8E42FB39FEB /* AppTheme.swift */ = {isa = PBXFileReference; lastKnownFileType = sourcecode.swift; path = AppTheme.swift; sourceTree = "<group>"; };
		F61C53A7892B15EC8C6EDCBF /* SessionManager.swift */ = {isa = PBXFileReference; lastKnownFileType = sourcecode.swift; path = SessionManager.swift; sourceTree = "<group>"; };
		F67D53F92D9EEA7E80399AAF /* PairingTests.swift */ = {isa = PBXFileReference; lastKnownFileType = sourcecode.swift; path = PairingTests.swift; sourceTree = "<group>"; };
		F8FF22F8D0FB28ABC4FCAFE8 /* PendingView.swift */ = {isa = PBXFileReference; lastKnownFileType = sourcecode.swift; path = PendingView.swift; sourceTree = "<group>"; };
		FCE7EDC4D8FC5F0A183F282C /* SearchResult.swift */ = {isa = PBXFileReference; lastKnownFileType = sourcecode.swift; path = SearchResult.swift; sourceTree = "<group>"; };
		FD7275D4A1ABCA1AAC35B4DE /* ChildProfile.swift */ = {isa = PBXFileReference; lastKnownFileType = sourcecode.swift; path = ChildProfile.swift; sourceTree = "<group>"; };
/* End PBXFileReference section */

/* Begin PBXGroup section */
		02CA1EE6E75958A751B026C8 /* Services */ = {
			isa = PBXGroup;
			children = (
				92D027527EC22BD349825819 /* APIClient.swift */,
				173969E802F4428A9502BE17 /* Config.swift */,
				D46535337D9FAE6636F20D74 /* CredentialStore.swift */,
				4E0C0283C43C28D71445B1A6 /* HeartbeatService.swift */,
				B1292FDFFC0E989D2230F4BB /* KeychainService.swift */,
				F61C53A7892B15EC8C6EDCBF /* SessionManager.swift */,
				ECFDE5EAFD513C8AFDDD9C48 /* TimeRequestService.swift */,
			);
			path = Services;
			sourceTree = "<group>";
		};
		0AC8D26354B17EA462692BE5 = {
			isa = PBXGroup;
			children = (
				022003F81C1CA2057FEE6BBD /* Assets.xcassets */,
				8686E5A5E30C9B183FDDA989 /* Sources */,
				E992751EA9F34D93C6BB7980 /* Tests */,
				48511C624D4B6E6A33C3C57E /* tvos */,
				E06F93CA256FD605FED68908 /* Products */,
			);
			sourceTree = "<group>";
		};
		177DF4EEE7D6EF1D0D0501E1 /* Denied */ = {
			isa = PBXGroup;
			children = (
				49608DEA95FF6F9B4CDF350F /* DeniedView.swift */,
			);
			path = Denied;
			sourceTree = "<group>";
		};
		33959AE0A97E44735AD00907 /* Search */ = {
			isa = PBXGroup;
			children = (
				47DB79B1757870A990CD2FB5 /* SearchResultsView.swift */,
				061CE96EAF4E04F9D28B95D4 /* SidebarSearchView.swift */,
			);
			path = Search;
			sourceTree = "<group>";
		};
		35FBBAB02D3A92CC105D3D5E /* App */ = {
			isa = PBXGroup;
			children = (
				70F2637203B562EC8EE3F147 /* ContentView.swift */,
				7CE7EEA9FEAB2C699AA4C6A9 /* KidsTubeApp.swift */,
			);
			path = App;
			sourceTree = "<group>";
		};
		48511C624D4B6E6A33C3C57E /* tvos */ = {
			isa = PBXGroup;
			children = (
				1981EE99523A9279B0F42B4D /* Secrets.xcconfig */,
			);
			name = tvos;
			path = .;
			sourceTree = "<group>";
		};
		5586627826B0527AA9D9AA96 /* Player */ = {
			isa = PBXGroup;
			children = (
				48F3BE9052C4FDA632DD4069 /* PlayerOverlayView.swift */,
				938C415755895C049FA2E79F /* PlayerView.swift */,
				0F464945B8E38209FF085864 /* WindDownOverlayView.swift */,
			);
			path = Player;
			sourceTree = "<group>";
		};
		58AEAE8EE03C4301DB291991 /* Views */ = {
			isa = PBXGroup;
			children = (
				C95EC37912B4D9242A8B06BF /* Categories */,
				738A763654FC67ED93F608B6 /* Channel */,
				7E0B01813854DED802529F45 /* Channels */,
				F15CED7B6234E152C4A524B4 /* Components */,
				9B5FBDC015715B3F7F165243 /* Cooldown */,
				177DF4EEE7D6EF1D0D0501E1 /* Denied */,
				CF31636188BD5E429B8F0E20 /* Home */,
				82D3D4CC05CB46C8402F8F90 /* Pairing */,
				77EB3316D98FD779C31BA0D7 /* Pending */,
				EEE7E1E441529F9C403B76A6 /* PinEntry */,
				5586627826B0527AA9D9AA96 /* Player */,
				7E981CF4DECF9902EBC9A93F /* Profile */,
				BBADEFF9DC48A32437EB01E1 /* ProfilePicker */,
				33959AE0A97E44735AD00907 /* Search */,
				FBF033AD38223E8A04987A1E /* Sidebar */,
				DAA39AA10FD616F4377D4ABF /* Theme */,
				F64EED6E5A42BC4809F98462 /* TimesUp */,
			);
			path = Views;
			sourceTree = "<group>";
		};
		738A763654FC67ED93F608B6 /* Channel */ = {
			isa = PBXGroup;
			children = (
				C1E5681F46B78AEB2C356FAC /* ChannelDetailView.swift */,
			);
			path = Channel;
			sourceTree = "<group>";
		};
		751A53864843314F4802D958 /* Models */ = {
			isa = PBXGroup;
			children = (
				D069EDA4928ADB426A9F076B /* APIResponses.swift */,
				336AA9A526F33CD1CB731E55 /* CategoryTimeStatus.swift */,
				FD7275D4A1ABCA1AAC35B4DE /* ChildProfile.swift */,
				7E7C74844536CFEC626530FF /* HomeChannel.swift */,
				62BA5F235C7113FD7ED24E37 /* PairingModels.swift */,
				20D71B9F4643361AB236E95A /* PinModels.swift */,
				FCE7EDC4D8FC5F0A183F282C /* SearchResult.swift */,
				1D930E6F20420A94B682E092 /* SessionStatus.swift */,
				7CCC9AA078FCA1842183EB37 /* TimeStatus.swift */,
				A6980148DEA0FB0DDEF91F68 /* Video.swift */,
			);
			path = Models;
			sourceTree = "<group>";
		};
		77EB3316D98FD779C31BA0D7 /* Pending */ = {
			isa = PBXGroup;
			children = (
				74627DBE52ECBC70E6F772EB /* ChannelPendingView.swift */,
				F8FF22F8D0FB28ABC4FCAFE8 /* PendingView.swift */,
			);
			path = Pending;
			sourceTree = "<group>";
		};
		7E0B01813854DED802529F45 /* Channels */ = {
			isa = PBXGroup;
			children = (
				12AE1F33898D4887A839A194 /* ChannelsListView.swift */,
			);
			path = Channels;
			sourceTree = "<group>";
		};
		7E981CF4DECF9902EBC9A93F /* Profile */ = {
			isa = PBXGroup;
			children = (
				91E50BAFF4AE264514B58A7A /* ProfileView.swift */,
			);
			path = Profile;
			sourceTree = "<group>";
		};
		82D3D4CC05CB46C8402F8F90 /* Pairing */ = {
			isa = PBXGroup;
			children = (
				C5695212EC6E0D40C9B9FC19 /* PairingView.swift */,
			);
			path = Pairing;
			sourceTree = "<group>";
		};
		8686E5A5E30C9B183FDDA989 /* Sources */ = {
			isa = PBXGroup;
			children = (
				35FBBAB02D3A92CC105D3D5E /* App */,
				751A53864843314F4802D958 /* Models */,
				02CA1EE6E75958A751B026C8 /* Services */,
				58AEAE8EE03C4301DB291991 /* Views */,
			);
			path = Sources;
			sourceTree = "<group>";
		};
		9B5FBDC015715B3F7F165243 /* Cooldown */ = {
			isa = PBXGroup;
			children = (
				E9FBCA189BC74331301CD409 /* CooldownView.swift */,
			);
			path = Cooldown;
			sourceTree = "<group>";
		};
		BBADEFF9DC48A32437EB01E1 /* ProfilePicker */ = {
			isa = PBXGroup;
			children = (
				0A69925AF8BB02374AE088A7 /* ProfilePickerView.swift */,
			);
			path = ProfilePicker;
			sourceTree = "<group>";
		};
		C95EC37912B4D9242A8B06BF /* Categories */ = {
			isa = PBXGroup;
			children = (
				9C1F7337984A673CA76AD40C /* CategoryContentView.swift */,
			);
			path = Categories;
			sourceTree = "<group>";
		};
		CF31636188BD5E429B8F0E20 /* Home */ = {
			isa = PBXGroup;
			children = (
				A2DF60A7479B4928E52F33E0 /* FeaturedBannerView.swift */,
				EE251AF5B2C13BFBE66694C2 /* HomeChannelRowView.swift */,
				CB544BFD4F2352C926B595AE /* HomeView.swift */,
			);
			path = Home;
			sourceTree = "<group>";
		};
		DAA39AA10FD616F4377D4ABF /* Theme */ = {
			isa = PBXGroup;
			children = (
				F08A735AD3FEA8E42FB39FEB /* AppTheme.swift */,
			);
			path = Theme;
			sourceTree = "<group>";
		};
		E06F93CA256FD605FED68908 /* Products */ = {
			isa = PBXGroup;
			children = (
				EA48A97128F594BFBE610670 /* KidsTube.app */,
				55250D820FC36E2220E952CD /* KidsTubeTests.xctest */,
			);
			name = Products;
			sourceTree = "<group>";
		};
		E992751EA9F34D93C6BB7980 /* Tests */ = {
			isa = PBXGroup;
			children = (
				B3471996C07E3CAAD366459B /* APIClientTests.swift */,
				23EB740E49D4C98D7F1F6154 /* ConfigTests.swift */,
				4D4C048F6A7EF0A055E18E15 /* HomeChannelsTests.swift */,
				9AAC84BAEB70DF1B91674956 /* MockURLProtocol.swift */,
				AED0E72654C49D2964B5EEBA /* ModelTests.swift */,
				F67D53F92D9EEA7E80399AAF /* PairingTests.swift */,
				24CA42E62DE19210493884B6 /* UIOverhaulTests.swift */,
			);
			path = Tests;
			sourceTree = "<group>";
		};
		EEE7E1E441529F9C403B76A6 /* PinEntry */ = {
			isa = PBXGroup;
			children = (
				135DBAE77231F859082F5934 /* PinEntryView.swift */,
			);
			path = PinEntry;
			sourceTree = "<group>";
		};
		F15CED7B6234E152C4A524B4 /* Components */ = {
			isa = PBXGroup;
			children = (
				36915EFA6900A27429E58E08 /* ChannelCard.swift */,
				B3AEC626AEF1ABEA4CD02E20 /* TimeBadge.swift */,
				B07F3A96BBD823D62CCBC29F /* VideoCard.swift */,
				46AE574BBEED0F0F75BE16AB /* VideoInfoSheet.swift */,
			);
			path = Components;
			sourceTree = "<group>";
		};
		F64EED6E5A42BC4809F98462 /* TimesUp */ = {
			isa = PBXGroup;
			children = (
				667203D0B3FE03608D39B936 /* TimesUpView.swift */,
			);
			path = TimesUp;
			sourceTree = "<group>";
		};
		FBF033AD38223E8A04987A1E /* Sidebar */ = {
			isa = PBXGroup;
			children = (
				A29F76F75104447AC068CC71 /* SidebarView.swift */,
			);
			path = Sidebar;
			sourceTree = "<group>";
		};
/* End PBXGroup section */

/* Begin PBXNativeTarget section */
		003EC4312049B87DF6FDC65B /* KidsTube */ = {
			isa = PBXNativeTarget;
			buildConfigurationList = 33B2E1DE2777A906DC52ECC4 /* Build configuration list for PBXNativeTarget "KidsTube" */;
			buildPhases = (
				8E2C3A879E0F5E6195CDD5D8 /* Sources */,
				967B59C7F2490F8629158075 /* Resources */,
			);
			buildRules = (
			);
			dependencies = (
			);
			name = KidsTube;
			packageProductDependencies = (
			);
			productName = KidsTube;
			productReference = EA48A97128F594BFBE610670 /* KidsTube.app */;
			productType = "com.apple.product-type.application";
		};
		F4BC3D6B693BAE24C5A55EED /* KidsTubeTests */ = {
			isa = PBXNativeTarget;
			buildConfigurationList = 631D9F3B1D58DDAA99504CA1 /* Build configuration list for PBXNativeTarget "KidsTubeTests" */;
			buildPhases = (
				16A19C393BB24FF2A4F83312 /* Sources */,
			);
			buildRules = (
			);
			dependencies = (
				909A2CAFBECE60E963F97899 /* PBXTargetDependency */,
			);
			name = KidsTubeTests;
			packageProductDependencies = (
			);
			productName = KidsTubeTests;
			productReference = 55250D820FC36E2220E952CD /* KidsTubeTests.xctest */;
			productType = "com.apple.product-type.bundle.unit-test";
		};
/* End PBXNativeTarget section */

/* Begin PBXProject section */
		FFF337E2B0CD58FFA6D67B4E /* Project object */ = {
			isa = PBXProject;
			attributes = {
				BuildIndependentTargetsInParallel = YES;
				LastUpgradeCheck = 1500;
			};
			buildConfigurationList = 732AEE6A7F71E6BACED2E8D3 /* Build configuration list for PBXProject "KidsTube" */;
			compatibilityVersion = "Xcode 14.0";
			developmentRegion = en;
			hasScannedForEncodings = 0;
			knownRegions = (
				Base,
				en,
			);
			mainGroup = 0AC8D26354B17EA462692BE5;
			minimizedProjectReferenceProxies = 1;
			preferredProjectObjectVersion = 77;
			projectDirPath = "";
			projectRoot = "";
			targets = (
				003EC4312049B87DF6FDC65B /* KidsTube */,
				F4BC3D6B693BAE24C5A55EED /* KidsTubeTests */,
			);
		};
/* End PBXProject section */

/* Begin PBXResourcesBuildPhase section */
		967B59C7F2490F8629158075 /* Resources */ = {
			isa = PBXResourcesBuildPhase;
			buildActionMask = 2147483647;
			files = (
				B735BF7D5A9A9CEDCB1CE1F9 /* Assets.xcassets in Resources */,
			);
			runOnlyForDeploymentPostprocessing = 0;
		};
/* End PBXResourcesBuildPhase section */

/* Begin PBXSourcesBuildPhase section */
		16A19C393BB24FF2A4F83312 /* Sources */ = {
			isa = PBXSourcesBuildPhase;
			buildActionMask = 2147483647;
			files = (
				A17001AC40585E0EE2C2F5A7 /* APIClientTests.swift in Sources */,
				FC305D76AA0916D8E4370788 /* ConfigTests.swift in Sources */,
				C48435FD239A164BBACEAAF7 /* HomeChannelsTests.swift in Sources */,
				4FF9FD6E75337718D5934CEA /* MockURLProtocol.swift in Sources */,
				EF9D27D511C696A81F5CFEBD /* ModelTests.swift in Sources */,
				C26195862858D49CA2433785 /* PairingTests.swift in Sources */,
				DFADA08CCB28D7E27AE12F95 /* UIOverhaulTests.swift in Sources */,
			);
			runOnlyForDeploymentPostprocessing = 0;
		};
		8E2C3A879E0F5E6195CDD5D8 /* Sources */ = {
			isa = PBXSourcesBuildPhase;
			buildActionMask = 2147483647;
			files = (
				C8F5554277897C6452767ADC /* APIClient.swift in Sources */,
				8503682CCA8A48E192875195 /* APIResponses.swift in Sources */,
				AE7935A15A9DFBF067DF19D7 /* AppTheme.swift in Sources */,
				AA5628D5894E3FDEE6E96499 /* CategoryContentView.swift in Sources */,
				EC8ED64FE3BA03A4E66B27FF /* CategoryTimeStatus.swift in Sources */,
				1D581FA6A171DDCB06EA4150 /* ChannelCard.swift in Sources */,
				0BB7FF2E5D4FB17D66200C89 /* ChannelDetailView.swift in Sources */,
				142FA888676C9B7E1CB22536 /* ChannelPendingView.swift in Sources */,
				265672D2DCA76BC2A62E748C /* ChannelsListView.swift in Sources */,
				94EA5FAAD36DC39387B3D7ED /* ChildProfile.swift in Sources */,
				EC032307074C64B960EE244B /* Config.swift in Sources */,
				E9B2B05685310772D8C14825 /* ContentView.swift in Sources */,
				D9AF7B2D46460A08C96E2CF4 /* CooldownView.swift in Sources */,
				483CFA04ECDAFC0CE7A7E946 /* CredentialStore.swift in Sources */,
				563CF91396F6F6024B6C8528 /* DeniedView.swift in Sources */,
				EA819B9DE9670B9B6F08DEA9 /* FeaturedBannerView.swift in Sources */,
				6A1753DA0B3A9BD2DBB5399E /* HeartbeatService.swift in Sources */,
				E99DFD09AEF9123A192D2F66 /* HomeChannel.swift in Sources */,
				EB041E60133BA4686A67A192 /* HomeChannelRowView.swift in Sources */,
				9AD252902E5191E32BCF38B6 /* HomeView.swift in Sources */,
				27D08F9D68D4A956E86E5333 /* KeychainService.swift in Sources */,
				D0C286722817362B2A8478BB /* KidsTubeApp.swift in Sources */,
				BDAEC63866CB25285BE0E2A2 /* PairingModels.swift in Sources */,
				80458FD34D3DB055E6D926D7 /* PairingView.swift in Sources */,
				B5E9DFD44417BACB803A19AF /* PendingView.swift in Sources */,
				F339C9B2A07332481146B905 /* PinEntryView.swift in Sources */,
				94FEA85038A66E368E8C19AD /* PinModels.swift in Sources */,
				65283B583777F1DD004D77BC /* PlayerOverlayView.swift in Sources */,
				009A8D29D3300149AF3AE3D8 /* PlayerView.swift in Sources */,
				FD9BC9A4F342C5D856BD89C0 /* ProfilePickerView.swift in Sources */,
				65B6DE8014DAD54F77E03D77 /* ProfileView.swift in Sources */,
				46FD2CC7964399CC1E8EAD2E /* SearchResult.swift in Sources */,
				A2C9C262F6CB2E75C5A91170 /* SearchResultsView.swift in Sources */,
				6587203F59A4963AC8A02B83 /* SessionManager.swift in Sources */,
				E2889E3DB7C47EF19D5610CA /* SessionStatus.swift in Sources */,
				FBBB03D0CBA04652D9924C7A /* SidebarSearchView.swift in Sources */,
				18F8961B9F85C5E053F00440 /* SidebarView.swift in Sources */,
				0FBFBBE4462308DBBE42BDEB /* TimeBadge.swift in Sources */,
				D5F7C810BFE2F7CF53CE4267 /* TimeRequestService.swift in Sources */,
				47ED0B981661351785623F11 /* TimeStatus.swift in Sources */,
				56A45348E25627616ADC3B0E /* TimesUpView.swift in Sources */,
				44C8517A72A3920CD9659F1B /* Video.swift in Sources */,
				15B22913202F07EE360413E3 /* VideoCard.swift in Sources */,
				4D969B459A104A820D7025F6 /* VideoInfoSheet.swift in Sources */,
				DB8A43FCCE3FE4D7F3092EF6 /* WindDownOverlayView.swift in Sources */,
			);
			runOnlyForDeploymentPostprocessing = 0;
		};
/* End PBXSourcesBuildPhase section */

/* Begin PBXTargetDependency section */
		909A2CAFBECE60E963F97899 /* PBXTargetDependency */ = {
			isa = PBXTargetDependency;
			target = 003EC4312049B87DF6FDC65B /* KidsTube */;
			targetProxy = D04115692EBD929036998756 /* PBXContainerItemProxy */;
		};
/* End PBXTargetDependency section */

/* Begin XCBuildConfiguration section */
		26389555AA3FC8B2279F0230 /* Release */ = {
			isa = XCBuildConfiguration;
			buildSettings = {
				ASSETCATALOG_COMPILER_APPICON_NAME = AppIcon;
				ASSETCATALOG_COMPILER_LAUNCHIMAGE_NAME = LaunchImage;
				CODE_SIGNING_ALLOWED = NO;
				CODE_SIGNING_REQUIRED = NO;
				CODE_SIGN_IDENTITY = "";
				INFOPLIST_FILE = Info.plist;
				LD_RUNPATH_SEARCH_PATHS = (
					"$(inherited)",
					"@executable_path/Frameworks",
				);
				PRODUCT_BUNDLE_IDENTIFIER = com.kidstube.app;
				SDKROOT = appletvos;
				TARGETED_DEVICE_FAMILY = 3;
			};
			name = Release;
		};
		36DEC0845D453959DBC06A00 /* Debug */ = {
			isa = XCBuildConfiguration;
			buildSettings = {
				ASSETCATALOG_COMPILER_APPICON_NAME = AppIcon;
				ASSETCATALOG_COMPILER_LAUNCHIMAGE_NAME = LaunchImage;
				CODE_SIGNING_ALLOWED = NO;
				CODE_SIGNING_REQUIRED = NO;
				CODE_SIGN_IDENTITY = "";
				INFOPLIST_FILE = Info.plist;
				LD_RUNPATH_SEARCH_PATHS = (
					"$(inherited)",
					"@executable_path/Frameworks",
				);
				PRODUCT_BUNDLE_IDENTIFIER = com.kidstube.app;
				SDKROOT = appletvos;
				TARGETED_DEVICE_FAMILY = 3;
			};
			name = Debug;
		};
		4E8593A2BA6FC5670200EF10 /* Release */ = {
			isa = XCBuildConfiguration;
			baseConfigurationReference = 1981EE99523A9279B0F42B4D /* Secrets.xcconfig */;
			buildSettings = {
				ALWAYS_SEARCH_USER_PATHS = NO;
				CLANG_ANALYZER_NONNULL = YES;
				CLANG_ANALYZER_NUMBER_OBJECT_CONVERSION = YES_AGGRESSIVE;
				CLANG_CXX_LANGUAGE_STANDARD = "gnu++14";
				CLANG_CXX_LIBRARY = "libc++";
				CLANG_ENABLE_MODULES = YES;
				CLANG_ENABLE_OBJC_ARC = YES;
				CLANG_ENABLE_OBJC_WEAK = YES;
				CLANG_WARN_BLOCK_CAPTURE_AUTORELEASING = YES;
				CLANG_WARN_BOOL_CONVERSION = YES;
				CLANG_WARN_COMMA = YES;
				CLANG_WARN_CONSTANT_CONVERSION = YES;
				CLANG_WARN_DEPRECATED_OBJC_IMPLEMENTATIONS = YES;
				CLANG_WARN_DIRECT_OBJC_ISA_USAGE = YES_ERROR;
				CLANG_WARN_DOCUMENTATION_COMMENTS = YES;
				CLANG_WARN_EMPTY_BODY = YES;
				CLANG_WARN_ENUM_CONVERSION = YES;
				CLANG_WARN_INFINITE_RECURSION = YES;
				CLANG_WARN_INT_CONVERSION = YES;
				CLANG_WARN_NON_LITERAL_NULL_CONVERSION = YES;
				CLANG_WARN_OBJC_IMPLICIT_RETAIN_SELF = YES;
				CLANG_WARN_OBJC_LITERAL_CONVERSION = YES;
				CLANG_WARN_OBJC_ROOT_CLASS = YES_ERROR;
				CLANG_WARN_QUOTED_INCLUDE_IN_FRAMEWORK_HEADER = YES;
				CLANG_WARN_RANGE_LOOP_ANALYSIS = YES;
				CLANG_WARN_STRICT_PROTOTYPES = YES;
				CLANG_WARN_SUSPICIOUS_MOVE = YES;
				CLANG_WARN_UNGUARDED_AVAILABILITY = YES_AGGRESSIVE;
				CLANG_WARN_UNREACHABLE_CODE = YES;
				CLANG_WARN__DUPLICATE_METHOD_MATCH = YES;
				COPY_PHASE_STRIP = NO;
				CURRENT_PROJECT_VERSION = 1;
				DEBUG_INFORMATION_FORMAT = "dwarf-with-dsym";
				ENABLE_NS_ASSERTIONS = NO;
				ENABLE_STRICT_OBJC_MSGSEND = YES;
				GCC_C_LANGUAGE_STANDARD = gnu11;
				GCC_NO_COMMON_BLOCKS = YES;
				GCC_WARN_64_TO_32_BIT_CONVERSION = YES;
				GCC_WARN_ABOUT_RETURN_TYPE = YES_ERROR;
				GCC_WARN_UNDECLARED_SELECTOR = YES;
				GCC_WARN_UNINITIALIZED_AUTOS = YES_AGGRESSIVE;
				GCC_WARN_UNUSED_FUNCTION = YES;
				GCC_WARN_UNUSED_VARIABLE = YES;
				MARKETING_VERSION = 1.0.0;
				MTL_ENABLE_DEBUG_INFO = NO;
				MTL_FAST_MATH = YES;
				PRODUCT_NAME = "$(TARGET_NAME)";
				SDKROOT = appletvos;
				SWIFT_COMPILATION_MODE = wholemodule;
				SWIFT_OPTIMIZATION_LEVEL = "-O";
				SWIFT_VERSION = 5.9;
				TVOS_DEPLOYMENT_TARGET = 17.0;
			};
			name = Release;
		};
		90AD4D6AAC198A9A4089D031 /* Debug */ = {
			isa = XCBuildConfiguration;
			baseConfigurationReference = 1981EE99523A9279B0F42B4D /* Secrets.xcconfig */;
			buildSettings = {
				ALWAYS_SEARCH_USER_PATHS = NO;
				CLANG_ANALYZER_NONNULL = YES;
				CLANG_ANALYZER_NUMBER_OBJECT_CONVERSION = YES_AGGRESSIVE;
				CLANG_CXX_LANGUAGE_STANDARD = "gnu++14";
				CLANG_CXX_LIBRARY = "libc++";
				CLANG_ENABLE_MODULES = YES;
				CLANG_ENABLE_OBJC_ARC = YES;
				CLANG_ENABLE_OBJC_WEAK = YES;
				CLANG_WARN_BLOCK_CAPTURE_AUTORELEASING = YES;
				CLANG_WARN_BOOL_CONVERSION = YES;
				CLANG_WARN_COMMA = YES;
				CLANG_WARN_CONSTANT_CONVERSION = YES;
				CLANG_WARN_DEPRECATED_OBJC_IMPLEMENTATIONS = YES;
				CLANG_WARN_DIRECT_OBJC_ISA_USAGE = YES_ERROR;
				CLANG_WARN_DOCUMENTATION_COMMENTS = YES;
				CLANG_WARN_EMPTY_BODY = YES;
				CLANG_WARN_ENUM_CONVERSION = YES;
				CLANG_WARN_INFINITE_RECURSION = YES;
				CLANG_WARN_INT_CONVERSION = YES;
				CLANG_WARN_NON_LITERAL_NULL_CONVERSION = YES;
				CLANG_WARN_OBJC_IMPLICIT_RETAIN_SELF = YES;
				CLANG_WARN_OBJC_LITERAL_CONVERSION = YES;
				CLANG_WARN_OBJC_ROOT_CLASS = YES_ERROR;
				CLANG_WARN_QUOTED_INCLUDE_IN_FRAMEWORK_HEADER = YES;
				CLANG_WARN_RANGE_LOOP_ANALYSIS = YES;
				CLANG_WARN_STRICT_PROTOTYPES = YES;
				CLANG_WARN_SUSPICIOUS_MOVE = YES;
				CLANG_WARN_UNGUARDED_AVAILABILITY = YES_AGGRESSIVE;
				CLANG_WARN_UNREACHABLE_CODE = YES;
				CLANG_WARN__DUPLICATE_METHOD_MATCH = YES;
				COPY_PHASE_STRIP = NO;
				CURRENT_PROJECT_VERSION = 1;
				DEBUG_INFORMATION_FORMAT = dwarf;
				ENABLE_STRICT_OBJC_MSGSEND = YES;
				ENABLE_TESTABILITY = YES;
				GCC_C_LANGUAGE_STANDARD = gnu11;
				GCC_DYNAMIC_NO_PIC = NO;
				GCC_NO_COMMON_BLOCKS = YES;
				GCC_OPTIMIZATION_LEVEL = 0;
				GCC_PREPROCESSOR_DEFINITIONS = (
					"$(inherited)",
					"DEBUG=1",
				);
				GCC_WARN_64_TO_32_BIT_CONVERSION = YES;
				GCC_WARN_ABOUT_RETURN_TYPE = YES_ERROR;
				GCC_WARN_UNDECLARED_SELECTOR = YES;
				GCC_WARN_UNINITIALIZED_AUTOS = YES_AGGRESSIVE;
				GCC_WARN_UNUSED_FUNCTION = YES;
				GCC_WARN_UNUSED_VARIABLE = YES;
				MARKETING_VERSION = 1.0.0;
				MTL_ENABLE_DEBUG_INFO = INCLUDE_SOURCE;
				MTL_FAST_MATH = YES;
				ONLY_ACTIVE_ARCH = YES;
				PRODUCT_NAME = "$(TARGET_NAME)";
				SDKROOT = appletvos;
				SWIFT_ACTIVE_COMPILATION_CONDITIONS = DEBUG;
				SWIFT_OPTIMIZATION_LEVEL = "-Onone";
				SWIFT_VERSION = 5.9;
				TVOS_DEPLOYMENT_TARGET = 17.0;
			};
			name = Debug;
		};
		ABDD6B03A470BC2B0702E2B4 /* Debug */ = {
			isa = XCBuildConfiguration;
			buildSettings = {
				BUNDLE_LOADER = "$(TEST_HOST)";
				GENERATE_INFOPLIST_FILE = YES;
				LD_RUNPATH_SEARCH_PATHS = (
					"$(inherited)",
					"@executable_path/Frameworks",
					"@loader_path/Frameworks",
				);
				PRODUCT_BUNDLE_IDENTIFIER = com.kidstube.tests;
				SDKROOT = appletvos;
				TARGETED_DEVICE_FAMILY = 3;
				TEST_HOST = "$(BUILT_PRODUCTS_DIR)/KidsTube.app/KidsTube";
			};
			name = Debug;
		};
		BF080B56E774CF6E2B7CF1C5 /* Release */ = {
			isa = XCBuildConfiguration;
			buildSettings = {
				BUNDLE_LOADER = "$(TEST_HOST)";
				GENERATE_INFOPLIST_FILE = YES;
				LD_RUNPATH_SEARCH_PATHS = (
					"$(inherited)",
					"@executable_path/Frameworks",
					"@loader_path/Frameworks",
				);
				PRODUCT_BUNDLE_IDENTIFIER = com.kidstube.tests;
				SDKROOT = appletvos;
				TARGETED_DEVICE_FAMILY = 3;
				TEST_HOST = "$(BUILT_PRODUCTS_DIR)/KidsTube.app/KidsTube";
			};
			name = Release;
		};
/* End XCBuildConfiguration section */

/* Begin XCConfigurationList section */
		33B2E1DE2777A906DC52ECC4 /* Build configuration list for PBXNativeTarget "KidsTube" */ = {
			isa = XCConfigurationList;
			buildConfigurations = (
				36DEC0845D453959DBC06A00 /* Debug */,
				26389555AA3FC8B2279F0230 /* Release */,
			);
			defaultConfigurationIsVisible = 0;
			defaultConfigurationName = Debug;
		};
		631D9F3B1D58DDAA99504CA1 /* Build configuration list for PBXNativeTarget "KidsTubeTests" */ = {
			isa = XCConfigurationList;
			buildConfigurations = (
				ABDD6B03A470BC2B0702E2B4 /* Debug */,
				BF080B56E774CF6E2B7CF1C5 /* Release */,
			);
			defaultConfigurationIsVisible = 0;
			defaultConfigurationName = Debug;
		};
		732AEE6A7F71E6BACED2E8D3 /* Build configuration list for PBXProject "KidsTube" */ = {
			isa = XCConfigurationList;
			buildConfigurations = (
				90AD4D6AAC198A9A4089D031 /* Debug */,
				4E8593A2BA6FC5670200EF10 /* Release */,
			);
			defaultConfigurationIsVisible = 0;
			defaultConfigurationName = Debug;
		};
/* End XCConfigurationList section */
	};
	rootObject = FFF337E2B0CD58FFA6D67B4E /* Project object */;
}
